
Microsoft Visual Studio Solution File, Format Version 12.00
# Visual Studio Version 17
VisualStudioVersion = 17.8.34309.116
MinimumVisualStudioVersion = 10.0.40219.1
Project("{FAE04EC0-301F-11D3-BF4B-00C04F79EFBC}") = "UsoApiTurismo.UWP", "UsoApiTurismo\UsoApiTurismo.UWP\UsoApiTurismo.UWP.csproj", "{932B88B1-AED3-4857-96D1-45EE7574AF38}"
EndProject
Project("{FAE04EC0-301F-11D3-BF4B-00C04F79EFBC}") = "UsoApiTurismo.Android", "UsoApiTurismo\UsoApiTurismo.Android\UsoApiTurismo.Android.csproj", "{DE6DE07D-AD97-4A25-86FA-A63AA4DDBD87}"
EndProject
Project("{FAE04EC0-301F-11D3-BF4B-00C04F79EFBC}") = "UsoApiTurismo.iOS", "UsoApiTurismo\UsoApiTurismo.iOS\UsoApiTurismo.iOS.csproj", "{A0B3304A-1169-4525-AF3D-06DF15E87737}"
EndProject
Project("{FAE04EC0-301F-11D3-BF4B-00C04F79EFBC}") = "UsoApiTurismo", "UsoApiTurismo\UsoApiTurismo\UsoApiTurismo.csproj", "{D008AC62-28A0-4D1B-B7E6-45778B9BFDAD}"
EndProject
Global
	GlobalSection(SolutionConfigurationPlatforms) = preSolution
		Debug|Any CPU = Debug|Any CPU
		Debug|ARM = Debug|ARM
		Debug|iPhone = Debug|iPhone
		Debug|iPhoneSimulator = Debug|iPhoneSimulator
		Debug|x64 = Debug|x64
		Debug|x86 = Debug|x86
		Release|Any CPU = Release|Any CPU
		Release|ARM = Release|ARM
		Release|iPhone = Release|iPhone
		Release|iPhoneSimulator = Release|iPhoneSimulator
		Release|x64 = Release|x64
		Release|x86 = Release|x86
	EndGlobalSection
	GlobalSection(ProjectConfigurationPlatforms) = postSolution
		{932B88B1-AED3-4857-96D1-45EE7574AF38}.Debug|Any CPU.ActiveCfg = Debug|x64
		{932B88B1-AED3-4857-96D1-45EE7574AF38}.Debug|Any CPU.Build.0 = Debug|x64
		{932B88B1-AED3-4857-96D1-45EE7574AF38}.Debug|Any CPU.Deploy.0 = Debug|x64
		{932B88B1-AED3-4857-96D1-45EE7574AF38}.Debug|ARM.ActiveCfg = Debug|ARM
		{932B88B1-AED3-4857-96D1-45EE7574AF38}.Debug|ARM.Build.0 = Debug|ARM
		{932B88B1-AED3-4857-96D1-45EE7574AF38}.Debug|ARM.Deploy.0 = Debug|ARM
		{932B88B1-AED3-4857-96D1-45EE7574AF38}.Debug|iPhone.ActiveCfg = Debug|x64
		{932B88B1-AED3-4857-96D1-45EE7574AF38}.Debug|iPhone.Build.0 = Debug|x64
		{932B88B1-AED3-4857-96D1-45EE7574AF38}.Debug|iPhone.Deploy.0 = Debug|x64
		{932B88B1-AED3-4857-96D1-45EE7574AF38}.Debug|iPhoneSimulator.ActiveCfg = Debug|x64
		{932B88B1-AED3-4857-96D1-45EE7574AF38}.Debug|iPhoneSimulator.Build.0 = Debug|x64
		{932B88B1-AED3-4857-96D1-45EE7574AF38}.Debug|iPhoneSimulator.Deploy.0 = Debug|x64
		{932B88B1-AED3-4857-96D1-45EE7574AF38}.Debug|x64.ActiveCfg = Debug|x64
		{932B88B1-AED3-4857-96D1-45EE7574AF38}.Debug|x64.Build.0 = Debug|x64
		{932B88B1-AED3-4857-96D1-45EE7574AF38}.Debug|x64.Deploy.0 = Debug|x64
		{932B88B1-AED3-4857-96D1-45EE7574AF38}.Debug|x86.ActiveCfg = Debug|x86
		{932B88B1-AED3-4857-96D1-45EE7574AF38}.Debug|x86.Build.0 = Debug|x86
		{932B88B1-AED3-4857-96D1-45EE7574AF38}.Debug|x86.Deploy.0 = Debug|x86
		{932B88B1-AED3-4857-96D1-45EE7574AF38}.Release|Any CPU.ActiveCfg = Release|x64
		{932B88B1-AED3-4857-96D1-45EE7574AF38}.Release|Any CPU.Build.0 = Release|x64
		{932B88B1-AED3-4857-96D1-45EE7574AF38}.Release|Any CPU.Deploy.0 = Release|x64
		{932B88B1-AED3-4857-96D1-45EE7574AF38}.Release|ARM.ActiveCfg = Release|ARM
		{932B88B1-AED3-4857-96D1-45EE7574AF38}.Release|ARM.Build.0 = Release|ARM
		{932B88B1-AED3-4857-96D1-45EE7574AF38}.Release|ARM.Deploy.0 = Release|ARM
		{932B88B1-AED3-4857-96D1-45EE7574AF38}.Release|iPhone.ActiveCfg = Release|x64
		{932B88B1-AED3-4857-96D1-45EE7574AF38}.Release|iPhone.Build.0 = Release|x64
		{932B88B1-AED3-4857-96D1-45EE7574AF38}.Release|iPhone.Deploy.0 = Release|x64
		{932B88B1-AED3-4857-96D1-45EE7574AF38}.Release|iPhoneSimulator.ActiveCfg = Release|x64
		{932B88B1-AED3-4857-96D1-45EE7574AF38}.Release|iPhoneSimulator.Build.0 = Release|x64
		{932B88B1-AED3-4857-96D1-45EE7574AF38}.Release|iPhoneSimulator.Deploy.0 = Release|x64
		{932B88B1-AED3-4857-96D1-45EE7574AF38}.Release|x64.ActiveCfg = Release|x64
		{932B88B1-AED3-4857-96D1-45EE7574AF38}.Release|x64.Build.0 = Release|x64
		{932B88B1-AED3-4857-96D1-45EE7574AF38}.Release|x64.Deploy.0 = Release|x64
		{932B88B1-AED3-4857-96D1-45EE7574AF38}.Release|x86.ActiveCfg = Release|x86
		{932B88B1-AED3-4857-96D1-45EE7574AF38}.Release|x86.Build.0 = Release|x86
		{932B88B1-AED3-4857-96D1-45EE7574AF38}.Release|x86.Deploy.0 = Release|x86
		{DE6DE07D-AD97-4A25-86FA-A63AA4DDBD87}.Debug|Any CPU.ActiveCfg = Debug|Any CPU
		{DE6DE07D-AD97-4A25-86FA-A63AA4DDBD87}.Debug|Any CPU.Build.0 = Debug|Any CPU
		{DE6DE07D-AD97-4A25-86FA-A63AA4DDBD87}.Debug|Any CPU.Deploy.0 = Debug|Any CPU
		{DE6DE07D-AD97-4A25-86FA-A63AA4DDBD87}.Debug|ARM.ActiveCfg = Debug|Any CPU
		{DE6DE07D-AD97-4A25-86FA-A63AA4DDBD87}.Debug|ARM.Build.0 = Debug|Any CPU
		{DE6DE07D-AD97-4A25-86FA-A63AA4DDBD87}.Debug|ARM.Deploy.0 = Debug|Any CPU
		{DE6DE07D-AD97-4A25-86FA-A63AA4DDBD87}.Debug|iPhone.ActiveCfg = Debug|Any CPU
		{DE6DE07D-AD97-4A25-86FA-A63AA4DDBD87}.Debug|iPhone.Build.0 = Debug|Any CPU
		{DE6DE07D-AD97-4A25-86FA-A63AA4DDBD87}.Debug|iPhone.Deploy.0 = Debug|Any CPU
		{DE6DE07D-AD97-4A25-86FA-A63AA4DDBD87}.Debug|iPhoneSimulator.ActiveCfg = Debug|Any CPU
		{DE6DE07D-AD97-4A25-86FA-A63AA4DDBD87}.Debug|iPhoneSimulator.Build.0 = Debug|Any CPU
		{DE6DE07D-AD97-4A25-86FA-A63AA4DDBD87}.Debug|iPhoneSimulator.Deploy.0 = Debug|Any CPU
		{DE6DE07D-AD97-4A25-86FA-A63AA4DDBD87}.Debug|x64.ActiveCfg = Debug|Any CPU
		{DE6DE07D-AD97-4A25-86FA-A63AA4DDBD87}.Debug|x64.Build.0 = Debug|Any CPU
		{DE6DE07D-AD97-4A25-86FA-A63AA4DDBD87}.Debug|x64.Deploy.0 = Debug|Any CPU
		{DE6DE07D-AD97-4A25-86FA-A63AA4DDBD87}.Debug|x86.ActiveCfg = Debug|Any CPU
		{DE6DE07D-AD97-4A25-86FA-A63AA4DDBD87}.Debug|x86.Build.0 = Debug|Any CPU
		{DE6DE07D-AD97-4A25-86FA-A63AA4DDBD87}.Debug|x86.Deploy.0 = Debug|Any CPU
		{DE6DE07D-AD97-4A25-86FA-A63AA4DDBD87}.Release|Any CPU.ActiveCfg = Release|Any CPU
		{DE6DE07D-AD97-4A25-86FA-A63AA4DDBD87}.Release|Any CPU.Build.0 = Release|Any CPU
		{DE6DE07D-AD97-4A25-86FA-A63AA4DDBD87}.Release|Any CPU.Deploy.0 = Release|Any CPU
		{DE6DE07D-AD97-4A25-86FA-A63AA4DDBD87}.Release|ARM.ActiveCfg = Release|Any CPU
		{DE6DE07D-AD97-4A25-86FA-A63AA4DDBD87}.Release|ARM.Build.0 = Release|Any CPU
		{DE6DE07D-AD97-4A25-86FA-A63AA4DDBD87}.Release|ARM.Deploy.0 = Release|Any CPU
		{DE6DE07D-AD97-4A25-86FA-A63AA4DDBD87}.Release|iPhone.ActiveCfg = Release|Any CPU
		{DE6DE07D-AD97-4A25-86FA-A63AA4DDBD87}.Release|iPhone.Build.0 = Release|Any CPU
		{DE6DE07D-AD97-4A25-86FA-A63AA4DDBD87}.Release|iPhone.Deploy.0 = Release|Any CPU
		{DE6DE07D-AD97-4A25-86FA-A63AA4DDBD87}.Release|iPhoneSimulator.ActiveCfg = Release|Any CPU
		{DE6DE07D-AD97-4A25-86FA-A63AA4DDBD87}.Release|iPhoneSimulator.Build.0 = Release|Any CPU
		{DE6DE07D-AD97-4A25-86FA-A63AA4DDBD87}.Release|iPhoneSimulator.Deploy.0 = Release|Any CPU
		{DE6DE07D-AD97-4A25-86FA-A63AA4DDBD87}.Release|x64.ActiveCfg = Release|Any CPU
		{DE6DE07D-AD97-4A25-86FA-A63AA4DDBD87}.Release|x64.Build.0 = Release|Any CPU
		{DE6DE07D-AD97-4A25-86FA-A63AA4DDBD87}.Release|x64.Deploy.0 = Release|Any CPU
		{DE6DE07D-AD97-4A25-86FA-A63AA4DDBD87}.Release|x86.ActiveCfg = Release|Any CPU
		{DE6DE07D-AD97-4A25-86FA-A63AA4DDBD87}.Release|x86.Build.0 = Release|Any CPU
		{DE6DE07D-AD97-4A25-86FA-A63AA4DDBD87}.Release|x86.Deploy.0 = Release|Any CPU
		{A0B3304A-1169-4525-AF3D-06DF15E87737}.Debug|Any CPU.ActiveCfg = Debug|iPhoneSimulator
		{A0B3304A-1169-4525-AF3D-06DF15E87737}.Debug|Any CPU.Build.0 = Debug|iPhoneSimulator
		{A0B3304A-1169-4525-AF3D-06DF15E87737}.Debug|Any CPU.Deploy.0 = Debug|iPhoneSimulator
		{A0B3304A-1169-4525-AF3D-06DF15E87737}.Debug|ARM.ActiveCfg = Debug|iPhoneSimulator
		{A0B3304A-1169-4525-AF3D-06DF15E87737}.Debug|ARM.Build.0 = Debug|iPhoneSimulator
		{A0B3304A-1169-4525-AF3D-06DF15E87737}.Debug|ARM.Deploy.0 = Debug|iPhoneSimulator
		{A0B3304A-1169-4525-AF3D-06DF15E87737}.Debug|iPhone.ActiveCfg = Debug|iPhone
		{A0B3304A-1169-4525-AF3D-06DF15E87737}.Debug|iPhone.Build.0 = Debug|iPhone
		{A0B3304A-1169-4525-AF3D-06DF15E87737}.Debug|iPhone.Deploy.0 = Debug|iPhone
		{A0B3304A-1169-4525-AF3D-06DF15E87737}.Debug|iPhoneSimulator.ActiveCfg = Debug|iPhoneSimulator
		{A0B3304A-1169-4525-AF3D-06DF15E87737}.Debug|iPhoneSimulator.Build.0 = Debug|iPhoneSimulator
		{A0B3304A-1169-4525-AF3D-06DF15E87737}.Debug|iPhoneSimulator.Deploy.0 = Debug|iPhoneSimulator
		{A0B3304A-1169-4525-AF3D-06DF15E87737}.Debug|x64.ActiveCfg = Debug|iPhone
		{A0B3304A-1169-4525-AF3D-06DF15E87737}.Debug|x64.Build.0 = Debug|iPhone
		{A0B3304A-1169-4525-AF3D-06DF15E87737}.Debug|x64.Deploy.0 = Debug|iPhone
		{A0B3304A-1169-4525-AF3D-06DF15E87737}.Debug|x86.ActiveCfg = Debug|iPhoneSimulator
		{A0B3304A-1169-4525-AF3D-06DF15E87737}.Debug|x86.Build.0 = Debug|iPhoneSimulator
		{A0B3304A-1169-4525-AF3D-06DF15E87737}.Debug|x86.Deploy.0 = Debug|iPhoneSimulator
		{A0B3304A-1169-4525-AF3D-06DF15E87737}.Release|Any CPU.ActiveCfg = Release|iPhoneSimulator
		{A0B3304A-1169-4525-AF3D-06DF15E87737}.Release|Any CPU.Build.0 = Release|iPhoneSimulator
		{A0B3304A-1169-4525-AF3D-06DF15E87737}.Release|Any CPU.Deploy.0 = Release|iPhoneSimulator
		{A0B3304A-1169-4525-AF3D-06DF15E87737}.Release|ARM.ActiveCfg = Release|iPhoneSimulator
		{A0B3304A-1169-4525-AF3D-06DF15E87737}.Release|ARM.Build.0 = Release|iPhoneSimulator
		{A0B3304A-1169-4525-AF3D-06DF15E87737}.Release|ARM.Deploy.0 = Release|iPhoneSimulator
		{A0B3304A-1169-4525-AF3D-06DF15E87737}.Release|iPhone.ActiveCfg = Release|iPhone
		{A0B3304A-1169-4525-AF3D-06DF15E87737}.Release|iPhone.Build.0 = Release|iPhone
		{A0B3304A-1169-4525-AF3D-06DF15E87737}.Release|iPhone.Deploy.0 = Release|iPhone
		{A0B3304A-1169-4525-AF3D-06DF15E87737}.Release|iPhoneSimulator.ActiveCfg = Release|iPhoneSimulator
		{A0B3304A-1169-4525-AF3D-06DF15E87737}.Release|iPhoneSimulator.Build.0 = Release|iPhoneSimulator
		{A0B3304A-1169-4525-AF3D-06DF15E87737}.Release|iPhoneSimulator.Deploy.0 = Release|iPhoneSimulator
		{A0B3304A-1169-4525-AF3D-06DF15E87737}.Release|x64.ActiveCfg = Release|iPhoneSimulator
		{A0B3304A-1169-4525-AF3D-06DF15E87737}.Release|x64.Build.0 = Release|iPhoneSimulator
		{A0B3304A-1169-4525-AF3D-06DF15E87737}.Release|x64.Deploy.0 = Release|iPhoneSimulator
		{A0B3304A-1169-4525-AF3D-06DF15E87737}.Release|x86.ActiveCfg = Release|iPhoneSimulator
		{A0B3304A-1169-4525-AF3D-06DF15E87737}.Release|x86.Build.0 = Release|iPhoneSimulator
		{A0B3304A-1169-4525-AF3D-06DF15E87737}.Release|x86.Deploy.0 = Release|iPhoneSimulator
		{D008AC62-28A0-4D1B-B7E6-45778B9BFDAD}.Debug|Any CPU.ActiveCfg = Debug|Any CPU
		{D008AC62-28A0-4D1B-B7E6-45778B9BFDAD}.Debug|Any CPU.Build.0 = Debug|Any CPU
		{D008AC62-28A0-4D1B-B7E6-45778B9BFDAD}.Debug|Any CPU.Deploy.0 = Debug|Any CPU
		{D008AC62-28A0-4D1B-B7E6-45778B9BFDAD}.Debug|ARM.ActiveCfg = Debug|Any CPU
		{D008AC62-28A0-4D1B-B7E6-45778B9BFDAD}.Debug|ARM.Build.0 = Debug|Any CPU
		{D008AC62-28A0-4D1B-B7E6-45778B9BFDAD}.Debug|ARM.Deploy.0 = Debug|Any CPU
		{D008AC62-28A0-4D1B-B7E6-45778B9BFDAD}.Debug|iPhone.ActiveCfg = Debug|Any CPU
		{D008AC62-28A0-4D1B-B7E6-45778B9BFDAD}.Debug|iPhone.Build.0 = Debug|Any CPU
		{D008AC62-28A0-4D1B-B7E6-45778B9BFDAD}.Debug|iPhone.Deploy.0 = Debug|Any CPU
		{D008AC62-28A0-4D1B-B7E6-45778B9BFDAD}.Debug|iPhoneSimulator.ActiveCfg = Debug|Any CPU
		{D008AC62-28A0-4D1B-B7E6-45778B9BFDAD}.Debug|iPhoneSimulator.Build.0 = Debug|Any CPU
		{D008AC62-28A0-4D1B-B7E6-45778B9BFDAD}.Debug|iPhoneSimulator.Deploy.0 = Debug|Any CPU
		{D008AC62-28A0-4D1B-B7E6-45778B9BFDAD}.Debug|x64.ActiveCfg = Debug|Any CPU
		{D008AC62-28A0-4D1B-B7E6-45778B9BFDAD}.Debug|x64.Build.0 = Debug|Any CPU
		{D008AC62-28A0-4D1B-B7E6-45778B9BFDAD}.Debug|x64.Deploy.0 = Debug|Any CPU
		{D008AC62-28A0-4D1B-B7E6-45778B9BFDAD}.Debug|x86.ActiveCfg = Debug|Any CPU
		{D008AC62-28A0-4D1B-B7E6-45778B9BFDAD}.Debug|x86.Build.0 = Debug|Any CPU
		{D008AC62-28A0-4D1B-B7E6-45778B9BFDAD}.Debug|x86.Deploy.0 = Debug|Any CPU
		{D008AC62-28A0-4D1B-B7E6-45778B9BFDAD}.Release|Any CPU.ActiveCfg = Release|Any CPU
		{D008AC62-28A0-4D1B-B7E6-45778B9BFDAD}.Release|Any CPU.Build.0 = Release|Any CPU
		{D008AC62-28A0-4D1B-B7E6-45778B9BFDAD}.Release|Any CPU.Deploy.0 = Release|Any CPU
		{D008AC62-28A0-4D1B-B7E6-45778B9BFDAD}.Release|ARM.ActiveCfg = Release|Any CPU
		{D008AC62-28A0-4D1B-B7E6-45778B9BFDAD}.Release|ARM.Build.0 = Release|Any CPU
		{D008AC62-28A0-4D1B-B7E6-45778B9BFDAD}.Release|ARM.Deploy.0 = Release|Any CPU
		{D008AC62-28A0-4D1B-B7E6-45778B9BFDAD}.Release|iPhone.ActiveCfg = Release|Any CPU
		{D008AC62-28A0-4D1B-B7E6-45778B9BFDAD}.Release|iPhone.Build.0 = Release|Any CPU
		{D008AC62-28A0-4D1B-B7E6-45778B9BFDAD}.Release|iPhone.Deploy.0 = Release|Any CPU
		{D008AC62-28A0-4D1B-B7E6-45778B9BFDAD}.Release|iPhoneSimulator.ActiveCfg = Release|Any CPU
		{D008AC62-28A0-4D1B-B7E6-45778B9BFDAD}.Release|iPhoneSimulator.Build.0 = Release|Any CPU
		{D008AC62-28A0-4D1B-B7E6-45778B9BFDAD}.Release|iPhoneSimulator.Deploy.0 = Release|Any CPU
		{D008AC62-28A0-4D1B-B7E6-45778B9BFDAD}.Release|x64.ActiveCfg = Release|Any CPU
		{D008AC62-28A0-4D1B-B7E6-45778B9BFDAD}.Release|x64.Build.0 = Release|Any CPU
		{D008AC62-28A0-4D1B-B7E6-45778B9BFDAD}.Release|x64.Deploy.0 = Release|Any CPU
		{D008AC62-28A0-4D1B-B7E6-45778B9BFDAD}.Release|x86.ActiveCfg = Release|Any CPU
		{D008AC62-28A0-4D1B-B7E6-45778B9BFDAD}.Release|x86.Build.0 = Release|Any CPU
		{D008AC62-28A0-4D1B-B7E6-45778B9BFDAD}.Release|x86.Deploy.0 = Release|Any CPU
	EndGlobalSection
	GlobalSection(SolutionProperties) = preSolution
		HideSolutionNode = FALSE
	EndGlobalSection
	GlobalSection(ExtensibilityGlobals) = postSolution
		SolutionGuid = {DCBC47E5-5235-4E73-B30C-3E3E4BCD105D}
	EndGlobalSection
EndGlobal
